
Microsoft Visual Studio Solution File, Format Version 12.00
# Visual Studio Version 16
VisualStudioVersion = 16.0.30523.141
MinimumVisualStudioVersion = 10.0.40219.1
Project("{FAE04EC0-301F-11D3-BF4B-00C04F79EFBC}") = "Camel", "Camel.csproj", "{1B728A91-FD4D-4ADA-A1C7-60C92605AE69}"
EndProject
Global
	GlobalSection(SolutionConfigurationPlatforms) = preSolution
		Debug|Any CPU = Debug|Any CPU
		Release|Any CPU = Release|Any CPU
	EndGlobalSection
	GlobalSection(ProjectConfigurationPlatforms) = postSolution
		{1B728A91-FD4D-4ADA-A1C7-60C92605AE69}.Debug|Any CPU.ActiveCfg = Debug|Any CPU
		{1B728A91-FD4D-4ADA-A1C7-60C92605AE69}.Debug|Any CPU.Build.0 = Debug|Any CPU
		{1B728A91-FD4D-4ADA-A1C7-60C92605AE69}.Release|Any CPU.ActiveCfg = Release|Any CPU
		{1B728A91-FD4D-4ADA-A1C7-60C92605AE69}.Release|Any CPU.Build.0 = Release|Any CPU
	EndGlobalSection
	GlobalSection(SolutionProperties) = preSolution
		HideSolutionNode = FALSE
	EndGlobalSection
	GlobalSection(ExtensibilityGlobals) = postSolution
		SolutionGuid = {2340A855-FC03-4B99-8A0B-4EF68C1327F9}
	EndGlobalSection
EndGlobal
